
Microsoft Visual Studio Solution File, Format Version 12.00
# Visual Studio 2012
Project("{FAE04EC0-301F-11D3-BF4B-00C04F79EFBC}") = "Book", "Book\Book.csproj", "{909716DA-C08F-42F4-B8F8-78FB61D2690C}"
EndProject
Project("{FAE04EC0-301F-11D3-BF4B-00C04F79EFBC}") = "BookListService", "BookListService\BookListService.csproj", "{7CC6E2F2-2882-4F3E-85F3-40A72044BA7B}"
EndProject
Project("{FAE04EC0-301F-11D3-BF4B-00C04F79EFBC}") = "BooksRepositoryConsole", "BooksRepositoryConsole\BooksRepositoryConsole.csproj", "{42D0B741-4C3A-414A-BD43-21EB4EDF5639}"
EndProject
Project("{FAE04EC0-301F-11D3-BF4B-00C04F79EFBC}") = "XmlHandlers", "XmlSaver\XmlHandlers.csproj", "{396DB9D6-8858-452D-A16D-8222A5427BE3}"
EndProject
Project("{FAE04EC0-301F-11D3-BF4B-00C04F79EFBC}") = "SerialisationRepository", "SerialisationRepository\SerialisationRepository.csproj", "{A0790E67-30B0-4148-BBBB-53BBF4FF0D05}"
EndProject
Project("{FAE04EC0-301F-11D3-BF4B-00C04F79EFBC}") = "BinaryFileRepository", "BinaryFileRepository\BinaryFileRepository.csproj", "{B72CEE4D-BA66-46AA-816E-C53748BD4D41}"
EndProject
Global
	GlobalSection(SolutionConfigurationPlatforms) = preSolution
		Debug|Any CPU = Debug|Any CPU
		Release|Any CPU = Release|Any CPU
	EndGlobalSection
	GlobalSection(ProjectConfigurationPlatforms) = postSolution
		{909716DA-C08F-42F4-B8F8-78FB61D2690C}.Debug|Any CPU.ActiveCfg = Debug|Any CPU
		{909716DA-C08F-42F4-B8F8-78FB61D2690C}.Debug|Any CPU.Build.0 = Debug|Any CPU
		{909716DA-C08F-42F4-B8F8-78FB61D2690C}.Release|Any CPU.ActiveCfg = Release|Any CPU
		{909716DA-C08F-42F4-B8F8-78FB61D2690C}.Release|Any CPU.Build.0 = Release|Any CPU
		{7CC6E2F2-2882-4F3E-85F3-40A72044BA7B}.Debug|Any CPU.ActiveCfg = Debug|Any CPU
		{7CC6E2F2-2882-4F3E-85F3-40A72044BA7B}.Debug|Any CPU.Build.0 = Debug|Any CPU
		{7CC6E2F2-2882-4F3E-85F3-40A72044BA7B}.Release|Any CPU.ActiveCfg = Release|Any CPU
		{7CC6E2F2-2882-4F3E-85F3-40A72044BA7B}.Release|Any CPU.Build.0 = Release|Any CPU
		{42D0B741-4C3A-414A-BD43-21EB4EDF5639}.Debug|Any CPU.ActiveCfg = Debug|Any CPU
		{42D0B741-4C3A-414A-BD43-21EB4EDF5639}.Debug|Any CPU.Build.0 = Debug|Any CPU
		{42D0B741-4C3A-414A-BD43-21EB4EDF5639}.Release|Any CPU.ActiveCfg = Release|Any CPU
		{42D0B741-4C3A-414A-BD43-21EB4EDF5639}.Release|Any CPU.Build.0 = Release|Any CPU
		{396DB9D6-8858-452D-A16D-8222A5427BE3}.Debug|Any CPU.ActiveCfg = Debug|Any CPU
		{396DB9D6-8858-452D-A16D-8222A5427BE3}.Debug|Any CPU.Build.0 = Debug|Any CPU
		{396DB9D6-8858-452D-A16D-8222A5427BE3}.Release|Any CPU.ActiveCfg = Release|Any CPU
		{396DB9D6-8858-452D-A16D-8222A5427BE3}.Release|Any CPU.Build.0 = Release|Any CPU
		{A0790E67-30B0-4148-BBBB-53BBF4FF0D05}.Debug|Any CPU.ActiveCfg = Debug|Any CPU
		{A0790E67-30B0-4148-BBBB-53BBF4FF0D05}.Debug|Any CPU.Build.0 = Debug|Any CPU
		{A0790E67-30B0-4148-BBBB-53BBF4FF0D05}.Release|Any CPU.ActiveCfg = Release|Any CPU
		{A0790E67-30B0-4148-BBBB-53BBF4FF0D05}.Release|Any CPU.Build.0 = Release|Any CPU
		{B72CEE4D-BA66-46AA-816E-C53748BD4D41}.Debug|Any CPU.ActiveCfg = Debug|Any CPU
		{B72CEE4D-BA66-46AA-816E-C53748BD4D41}.Debug|Any CPU.Build.0 = Debug|Any CPU
		{B72CEE4D-BA66-46AA-816E-C53748BD4D41}.Release|Any CPU.ActiveCfg = Release|Any CPU
		{B72CEE4D-BA66-46AA-816E-C53748BD4D41}.Release|Any CPU.Build.0 = Release|Any CPU
	EndGlobalSection
	GlobalSection(SolutionProperties) = preSolution
		HideSolutionNode = FALSE
	EndGlobalSection
EndGlobal
